
Microsoft Visual Studio Solution File, Format Version 12.00
# Visual Studio 2013
VisualStudioVersion = 12.0.31101.0
MinimumVisualStudioVersion = 10.0.40219.1
Project("{2150E333-8FDC-42A3-9474-1A3956D46DE8}") = "1 Shared", "1 Shared", "{AEA64723-8C51-4152-B5E4-A14675647550}"
EndProject
Project("{FAE04EC0-301F-11D3-BF4B-00C04F79EFBC}") = "StacksOfWax.Shared.Models", "StacksOfWax.Shared.Models\StacksOfWax.Shared.Models.csproj", "{AC192BB9-2E9E-421E-9D50-3B31CBC7F93E}"
EndProject
Project("{FAE04EC0-301F-11D3-BF4B-00C04F79EFBC}") = "StacksOfWax.Shared.DataAccess", "StacksOfWax.Shared.DataAccess\StacksOfWax.Shared.DataAccess.csproj", "{9E35BE2D-9171-435D-880A-9C00DD4CEFDE}"
EndProject
Project("{FAE04EC0-301F-11D3-BF4B-00C04F79EFBC}") = "StacksOfWax.Shared.DataAccess.Tests", "StacksOfWax.Shared.DataAccess.Tests\StacksOfWax.Shared.DataAccess.Tests.csproj", "{0E08F94B-1D34-454E-9E0B-716D43C3C4D1}"
EndProject
Project("{2150E333-8FDC-42A3-9474-1A3956D46DE8}") = "2 Web API Template", "2 Web API Template", "{9FFD0ED0-A94E-4A8B-912B-B377B7F02CC6}"
EndProject
Project("{FAE04EC0-301F-11D3-BF4B-00C04F79EFBC}") = "StacksOfWax.WebApiTemplate", "StacksOfWax.WebApiTemplate\StacksOfWax.WebApiTemplate.csproj", "{1BFC06F3-DAF6-4795-AF67-0141E4D9A487}"
EndProject
Project("{2150E333-8FDC-42A3-9474-1A3956D46DE8}") = ".nuget", ".nuget", "{546B3F11-1941-46E1-B373-1716E7DFE36D}"
	ProjectSection(SolutionItems) = preProject
		.nuget\NuGet.Config = .nuget\NuGet.Config
		.nuget\NuGet.exe = .nuget\NuGet.exe
		.nuget\NuGet.targets = .nuget\NuGet.targets
	EndProjectSection
EndProject
Project("{FAE04EC0-301F-11D3-BF4B-00C04F79EFBC}") = "StacksOfWax.WebApiTemplate.Tests", "StacksOfWax.WebApiTemplate.Tests\StacksOfWax.WebApiTemplate.Tests.csproj", "{BA46D524-0680-41CB-A463-E97F12148FAE}"
EndProject
Project("{2150E333-8FDC-42A3-9474-1A3956D46DE8}") = "3 OWIN", "3 OWIN", "{CD731F3E-0B18-46B4-B564-528649C7AA1D}"
EndProject
Project("{FAE04EC0-301F-11D3-BF4B-00C04F79EFBC}") = "StacksOfWax.Owin", "StacksOfWax.Owin\StacksOfWax.Owin.csproj", "{77CA4EDC-F663-4CEC-AD09-19955AFB0D25}"
EndProject
Project("{FAE04EC0-301F-11D3-BF4B-00C04F79EFBC}") = "StacksOfWax.Owin.Tests", "StacksOfWax.Owin.Tests\StacksOfWax.Owin.Tests.csproj", "{09BCF355-CA23-4488-ADC7-8D1AE082D98D}"
EndProject
Project("{2150E333-8FDC-42A3-9474-1A3956D46DE8}") = "4 Versioned", "4 Versioned", "{43BA97AB-8BB9-47AA-96AC-F388A5312645}"
EndProject
Project("{FAE04EC0-301F-11D3-BF4B-00C04F79EFBC}") = "StacksOfWax.Versioned", "StacksOfWax.Versioned\StacksOfWax.Versioned.csproj", "{694444AE-AA4F-47F1-A1C7-A5F542208910}"
EndProject
Project("{2150E333-8FDC-42A3-9474-1A3956D46DE8}") = "5 Basic Auth", "5 Basic Auth", "{036AA3BD-385B-4F54-BD46-C409C0615CD2}"
EndProject
Project("{FAE04EC0-301F-11D3-BF4B-00C04F79EFBC}") = "StacksOfWax.BasicAuth", "StacksOfWax.BasicAuth\StacksOfWax.BasicAuth.csproj", "{6E767212-6B94-4073-AC18-3DA028856F0E}"
EndProject
Project("{2150E333-8FDC-42A3-9474-1A3956D46DE8}") = "Solution Items", "Solution Items", "{AFE31807-39EC-488B-8C3D-99A58874BB24}"
	ProjectSection(SolutionItems) = preProject
		LICENSE = LICENSE
		README.md = README.md
	EndProjectSection
EndProject
Project("{FAE04EC0-301F-11D3-BF4B-00C04F79EFBC}") = "StacksOfWax.Versioned.Tests", "StacksOfWax.Versioned.Tests\StacksOfWax.Versioned.Tests.csproj", "{E4AE7597-3541-49C1-99CE-BFD6B1A366BC}"
EndProject
Project("{2150E333-8FDC-42A3-9474-1A3956D46DE8}") = "6 HMAC Auth", "6 HMAC Auth", "{133BFCA4-9BD6-42CE-B663-921251B7BB96}"
EndProject
Project("{FAE04EC0-301F-11D3-BF4B-00C04F79EFBC}") = "StacksOfWax.HmacAuth", "StacksOfWax.HmacAuth\StacksOfWax.HmacAuth.csproj", "{3D814613-A062-4E44-911E-7D083D4DD934}"
EndProject
Project("{FAE04EC0-301F-11D3-BF4B-00C04F79EFBC}") = "StacksOfWax.HmacAuth.Tests", "StacksOfWax.HmacAuth.Tests\StacksOfWax.HmacAuth.Tests.csproj", "{BBCDF46A-7B69-43AD-9E40-06C8896ED40E}"
EndProject
Project("{2150E333-8FDC-42A3-9474-1A3956D46DE8}") = "7 Application", "7 Application", "{B84D3B93-B547-4F4F-A440-E6BF13501672}"
EndProject
Project("{FAE04EC0-301F-11D3-BF4B-00C04F79EFBC}") = "StacksOfWax.Api", "StacksOfWax.Api\StacksOfWax.Api.csproj", "{FC4CFDD7-3655-44E9-AFE4-661DEDE0FCB4}"
EndProject
Project("{FAE04EC0-301F-11D3-BF4B-00C04F79EFBC}") = "StacksOfWax.Web", "StacksOfWax.Web\StacksOfWax.Web.csproj", "{C21A9870-CF24-461A-BA4C-9CA41566DD55}"
EndProject
Project("{FAE04EC0-301F-11D3-BF4B-00C04F79EFBC}") = "StacksOfWax.BasicAuth.Tests", "StacksOfWax.BasicAuth.Tests\StacksOfWax.BasicAuth.Tests.csproj", "{F3760D51-0AE1-44D9-B430-D9E1CFB1D3E0}"
EndProject
Global
	GlobalSection(SolutionConfigurationPlatforms) = preSolution
		Debug|Any CPU = Debug|Any CPU
		Release|Any CPU = Release|Any CPU
	EndGlobalSection
	GlobalSection(ProjectConfigurationPlatforms) = postSolution
		{AC192BB9-2E9E-421E-9D50-3B31CBC7F93E}.Debug|Any CPU.ActiveCfg = Debug|Any CPU
		{AC192BB9-2E9E-421E-9D50-3B31CBC7F93E}.Debug|Any CPU.Build.0 = Debug|Any CPU
		{AC192BB9-2E9E-421E-9D50-3B31CBC7F93E}.Release|Any CPU.ActiveCfg = Release|Any CPU
		{AC192BB9-2E9E-421E-9D50-3B31CBC7F93E}.Release|Any CPU.Build.0 = Release|Any CPU
		{9E35BE2D-9171-435D-880A-9C00DD4CEFDE}.Debug|Any CPU.ActiveCfg = Debug|Any CPU
		{9E35BE2D-9171-435D-880A-9C00DD4CEFDE}.Debug|Any CPU.Build.0 = Debug|Any CPU
		{9E35BE2D-9171-435D-880A-9C00DD4CEFDE}.Release|Any CPU.ActiveCfg = Release|Any CPU
		{9E35BE2D-9171-435D-880A-9C00DD4CEFDE}.Release|Any CPU.Build.0 = Release|Any CPU
		{0E08F94B-1D34-454E-9E0B-716D43C3C4D1}.Debug|Any CPU.ActiveCfg = Debug|Any CPU
		{0E08F94B-1D34-454E-9E0B-716D43C3C4D1}.Debug|Any CPU.Build.0 = Debug|Any CPU
		{0E08F94B-1D34-454E-9E0B-716D43C3C4D1}.Release|Any CPU.ActiveCfg = Release|Any CPU
		{0E08F94B-1D34-454E-9E0B-716D43C3C4D1}.Release|Any CPU.Build.0 = Release|Any CPU
		{1BFC06F3-DAF6-4795-AF67-0141E4D9A487}.Debug|Any CPU.ActiveCfg = Debug|Any CPU
		{1BFC06F3-DAF6-4795-AF67-0141E4D9A487}.Debug|Any CPU.Build.0 = Debug|Any CPU
		{1BFC06F3-DAF6-4795-AF67-0141E4D9A487}.Release|Any CPU.ActiveCfg = Release|Any CPU
		{1BFC06F3-DAF6-4795-AF67-0141E4D9A487}.Release|Any CPU.Build.0 = Release|Any CPU
		{BA46D524-0680-41CB-A463-E97F12148FAE}.Debug|Any CPU.ActiveCfg = Debug|Any CPU
		{BA46D524-0680-41CB-A463-E97F12148FAE}.Debug|Any CPU.Build.0 = Debug|Any CPU
		{BA46D524-0680-41CB-A463-E97F12148FAE}.Release|Any CPU.ActiveCfg = Release|Any CPU
		{BA46D524-0680-41CB-A463-E97F12148FAE}.Release|Any CPU.Build.0 = Release|Any CPU
		{77CA4EDC-F663-4CEC-AD09-19955AFB0D25}.Debug|Any CPU.ActiveCfg = Debug|Any CPU
		{77CA4EDC-F663-4CEC-AD09-19955AFB0D25}.Debug|Any CPU.Build.0 = Debug|Any CPU
		{77CA4EDC-F663-4CEC-AD09-19955AFB0D25}.Release|Any CPU.ActiveCfg = Release|Any CPU
		{77CA4EDC-F663-4CEC-AD09-19955AFB0D25}.Release|Any CPU.Build.0 = Release|Any CPU
		{09BCF355-CA23-4488-ADC7-8D1AE082D98D}.Debug|Any CPU.ActiveCfg = Debug|Any CPU
		{09BCF355-CA23-4488-ADC7-8D1AE082D98D}.Debug|Any CPU.Build.0 = Debug|Any CPU
		{09BCF355-CA23-4488-ADC7-8D1AE082D98D}.Release|Any CPU.ActiveCfg = Release|Any CPU
		{09BCF355-CA23-4488-ADC7-8D1AE082D98D}.Release|Any CPU.Build.0 = Release|Any CPU
		{694444AE-AA4F-47F1-A1C7-A5F542208910}.Debug|Any CPU.ActiveCfg = Debug|Any CPU
		{694444AE-AA4F-47F1-A1C7-A5F542208910}.Debug|Any CPU.Build.0 = Debug|Any CPU
		{694444AE-AA4F-47F1-A1C7-A5F542208910}.Release|Any CPU.ActiveCfg = Release|Any CPU
		{694444AE-AA4F-47F1-A1C7-A5F542208910}.Release|Any CPU.Build.0 = Release|Any CPU
		{6E767212-6B94-4073-AC18-3DA028856F0E}.Debug|Any CPU.ActiveCfg = Debug|Any CPU
		{6E767212-6B94-4073-AC18-3DA028856F0E}.Debug|Any CPU.Build.0 = Debug|Any CPU
		{6E767212-6B94-4073-AC18-3DA028856F0E}.Release|Any CPU.ActiveCfg = Release|Any CPU
		{6E767212-6B94-4073-AC18-3DA028856F0E}.Release|Any CPU.Build.0 = Release|Any CPU
		{E4AE7597-3541-49C1-99CE-BFD6B1A366BC}.Debug|Any CPU.ActiveCfg = Debug|Any CPU
		{E4AE7597-3541-49C1-99CE-BFD6B1A366BC}.Debug|Any CPU.Build.0 = Debug|Any CPU
		{E4AE7597-3541-49C1-99CE-BFD6B1A366BC}.Release|Any CPU.ActiveCfg = Release|Any CPU
		{E4AE7597-3541-49C1-99CE-BFD6B1A366BC}.Release|Any CPU.Build.0 = Release|Any CPU
		{3D814613-A062-4E44-911E-7D083D4DD934}.Debug|Any CPU.ActiveCfg = Debug|Any CPU
		{3D814613-A062-4E44-911E-7D083D4DD934}.Debug|Any CPU.Build.0 = Debug|Any CPU
		{3D814613-A062-4E44-911E-7D083D4DD934}.Release|Any CPU.ActiveCfg = Release|Any CPU
		{3D814613-A062-4E44-911E-7D083D4DD934}.Release|Any CPU.Build.0 = Release|Any CPU
		{BBCDF46A-7B69-43AD-9E40-06C8896ED40E}.Debug|Any CPU.ActiveCfg = Debug|Any CPU
		{BBCDF46A-7B69-43AD-9E40-06C8896ED40E}.Debug|Any CPU.Build.0 = Debug|Any CPU
		{BBCDF46A-7B69-43AD-9E40-06C8896ED40E}.Release|Any CPU.ActiveCfg = Release|Any CPU
		{BBCDF46A-7B69-43AD-9E40-06C8896ED40E}.Release|Any CPU.Build.0 = Release|Any CPU
		{FC4CFDD7-3655-44E9-AFE4-661DEDE0FCB4}.Debug|Any CPU.ActiveCfg = Debug|Any CPU
		{FC4CFDD7-3655-44E9-AFE4-661DEDE0FCB4}.Debug|Any CPU.Build.0 = Debug|Any CPU
		{FC4CFDD7-3655-44E9-AFE4-661DEDE0FCB4}.Release|Any CPU.ActiveCfg = Release|Any CPU
		{FC4CFDD7-3655-44E9-AFE4-661DEDE0FCB4}.Release|Any CPU.Build.0 = Release|Any CPU
		{C21A9870-CF24-461A-BA4C-9CA41566DD55}.Debug|Any CPU.ActiveCfg = Debug|Any CPU
		{C21A9870-CF24-461A-BA4C-9CA41566DD55}.Debug|Any CPU.Build.0 = Debug|Any CPU
		{C21A9870-CF24-461A-BA4C-9CA41566DD55}.Release|Any CPU.ActiveCfg = Release|Any CPU
		{C21A9870-CF24-461A-BA4C-9CA41566DD55}.Release|Any CPU.Build.0 = Release|Any CPU
		{F3760D51-0AE1-44D9-B430-D9E1CFB1D3E0}.Debug|Any CPU.ActiveCfg = Debug|Any CPU
		{F3760D51-0AE1-44D9-B430-D9E1CFB1D3E0}.Debug|Any CPU.Build.0 = Debug|Any CPU
		{F3760D51-0AE1-44D9-B430-D9E1CFB1D3E0}.Release|Any CPU.ActiveCfg = Release|Any CPU
		{F3760D51-0AE1-44D9-B430-D9E1CFB1D3E0}.Release|Any CPU.Build.0 = Release|Any CPU
	EndGlobalSection
	GlobalSection(SolutionProperties) = preSolution
		HideSolutionNode = FALSE
	EndGlobalSection
	GlobalSection(NestedProjects) = preSolution
		{AC192BB9-2E9E-421E-9D50-3B31CBC7F93E} = {AEA64723-8C51-4152-B5E4-A14675647550}
		{9E35BE2D-9171-435D-880A-9C00DD4CEFDE} = {AEA64723-8C51-4152-B5E4-A14675647550}
		{0E08F94B-1D34-454E-9E0B-716D43C3C4D1} = {AEA64723-8C51-4152-B5E4-A14675647550}
		{1BFC06F3-DAF6-4795-AF67-0141E4D9A487} = {9FFD0ED0-A94E-4A8B-912B-B377B7F02CC6}
		{BA46D524-0680-41CB-A463-E97F12148FAE} = {9FFD0ED0-A94E-4A8B-912B-B377B7F02CC6}
		{77CA4EDC-F663-4CEC-AD09-19955AFB0D25} = {CD731F3E-0B18-46B4-B564-528649C7AA1D}
		{09BCF355-CA23-4488-ADC7-8D1AE082D98D} = {CD731F3E-0B18-46B4-B564-528649C7AA1D}
		{694444AE-AA4F-47F1-A1C7-A5F542208910} = {43BA97AB-8BB9-47AA-96AC-F388A5312645}
		{6E767212-6B94-4073-AC18-3DA028856F0E} = {036AA3BD-385B-4F54-BD46-C409C0615CD2}
		{E4AE7597-3541-49C1-99CE-BFD6B1A366BC} = {43BA97AB-8BB9-47AA-96AC-F388A5312645}
		{3D814613-A062-4E44-911E-7D083D4DD934} = {133BFCA4-9BD6-42CE-B663-921251B7BB96}
		{BBCDF46A-7B69-43AD-9E40-06C8896ED40E} = {133BFCA4-9BD6-42CE-B663-921251B7BB96}
		{FC4CFDD7-3655-44E9-AFE4-661DEDE0FCB4} = {B84D3B93-B547-4F4F-A440-E6BF13501672}
		{C21A9870-CF24-461A-BA4C-9CA41566DD55} = {B84D3B93-B547-4F4F-A440-E6BF13501672}
		{F3760D51-0AE1-44D9-B430-D9E1CFB1D3E0} = {036AA3BD-385B-4F54-BD46-C409C0615CD2}
	EndGlobalSection
EndGlobal
